{
  "name": "dilithium-js",
  "requires": true,
  "lockfileVersion": 1,
  "dependencies": {
    "coffeescript": {
      "version": "2.4.1",
      "resolved": "https://registry.npmjs.org/coffeescript/-/coffeescript-2.4.1.tgz",
      "integrity": "sha1-gV/TN98KNNSedKmKbr6pw+eTD3A=",
      "dev": true
    },
    "mithril": {
      "version": "2.0.0-rc.9",
      "resolved": "https://registry.npmjs.org/mithril/-/mithril-2.0.0-rc.9.tgz",
      "integrity": "sha1-dFvcxOQMtLal1T6FHP/h4qxc/9A=",
      "dev": true
    },
    "uuid": {
      "version": "3.3.2",
      "resolved": "https://registry.npmjs.org/uuid/-/uuid-3.3.2.tgz",
      "integrity": "sha1-G0r0lV6zB3xQHCOHL8ZROBFYcTE=",
      "dev": true
    }
  }
}
